
Microsoft Visual Studio Solution File, Format Version 12.00
Project("{FAE04EC0-301F-11D3-BF4B-00C04F79EFBC}") = "RiderAnalyzerTest", "RiderAnalyzerTest.csproj", "{2F4A233E-F14E-483B-9C09-0627B1D387B4}"
EndProject
Global
	GlobalSection(SolutionConfigurationPlatforms) = preSolution
		Debug|Any CPU = Debug|Any CPU
		Release|Any CPU = Release|Any CPU
	EndGlobalSection
	GlobalSection(ProjectConfigurationPlatforms) = postSolution
		{2F4A233E-F14E-483B-9C09-0627B1D387B4}.Debug|Any CPU.ActiveCfg = Debug|Any CPU
		{2F4A233E-F14E-483B-9C09-0627B1D387B4}.Debug|Any CPU.Build.0 = Debug|Any CPU
		{2F4A233E-F14E-483B-9C09-0627B1D387B4}.Release|Any CPU.ActiveCfg = Release|Any CPU
		{2F4A233E-F14E-483B-9C09-0627B1D387B4}.Release|Any CPU.Build.0 = Release|Any CPU
	EndGlobalSection
EndGlobal
